// !$*UTF8*$!
{
	archiveVersion = 1;
	classes = {
	};
	objectVersion = 50;
	objects = {

/* Begin PBXBuildFile section */
		37323FA724D22D17000251C5 /* GoogleAppMeasurement.framework in Frameworks */ = {isa = PBXBuildFile; fileRef = 37323FA624D22D17000251C5 /* GoogleAppMeasurement.framework */; };
		376DE2D724CEEBD90040E850 /* AppDelegate.swift in Sources */ = {isa = PBXBuildFile; fileRef = 376DE2D624CEEBD90040E850 /* AppDelegate.swift */; };
		376DE2D924CEEBD90040E850 /* SceneDelegate.swift in Sources */ = {isa = PBXBuildFile; fileRef = 376DE2D824CEEBD90040E850 /* SceneDelegate.swift */; };
		376DE2DB24CEEBD90040E850 /* ViewController.swift in Sources */ = {isa = PBXBuildFile; fileRef = 376DE2DA24CEEBD90040E850 /* ViewController.swift */; };
		376DE2DE24CEEBD90040E850 /* Main.storyboard in Resources */ = {isa = PBXBuildFile; fileRef = 376DE2DC24CEEBD90040E850 /* Main.storyboard */; };
		376DE2E024CEEBDA0040E850 /* Assets.xcassets in Resources */ = {isa = PBXBuildFile; fileRef = 376DE2DF24CEEBDA0040E850 /* Assets.xcassets */; };
		376DE2E324CEEBDA0040E850 /* LaunchScreen.storyboard in Resources */ = {isa = PBXBuildFile; fileRef = 376DE2E124CEEBDA0040E850 /* LaunchScreen.storyboard */; };
		37F9131724D1F625001A5D88 /* StoreKit.framework in Frameworks */ = {isa = PBXBuildFile; fileRef = 37F9131624D1F625001A5D88 /* StoreKit.framework */; };
		37F9131924D1FE10001A5D88 /* GoogleMobileAds.framework in Frameworks */ = {isa = PBXBuildFile; fileRef = 37F9131824D1FE10001A5D88 /* GoogleMobileAds.framework */; };
/* End PBXBuildFile section */

/* Begin PBXFileReference section */
		37323FA624D22D17000251C5 /* GoogleAppMeasurement.framework */ = {isa = PBXFileReference; lastKnownFileType = wrapper.framework; path = GoogleAppMeasurement.framework; sourceTree = "<group>"; };
		376DE2D324CEEBD90040E850 /* Daily-Dose.app */ = {isa = PBXFileReference; explicitFileType = wrapper.application; includeInIndex = 0; path = "Daily-Dose.app"; sourceTree = BUILT_PRODUCTS_DIR; };
		376DE2D624CEEBD90040E850 /* AppDelegate.swift */ = {isa = PBXFileReference; lastKnownFileType = sourcecode.swift; path = AppDelegate.swift; sourceTree = "<group>"; };
		376DE2D824CEEBD90040E850 /* SceneDelegate.swift */ = {isa = PBXFileReference; lastKnownFileType = sourcecode.swift; path = SceneDelegate.swift; sourceTree = "<group>"; };
		376DE2DA24CEEBD90040E850 /* ViewController.swift */ = {isa = PBXFileReference; lastKnownFileType = sourcecode.swift; path = ViewController.swift; sourceTree = "<group>"; };
		376DE2DD24CEEBD90040E850 /* Base */ = {isa = PBXFileReference; lastKnownFileType = file.storyboard; name = Base; path = Base.lproj/Main.storyboard; sourceTree = "<group>"; };
		376DE2DF24CEEBDA0040E850 /* Assets.xcassets */ = {isa = PBXFileReference; lastKnownFileType = folder.assetcatalog; path = Assets.xcassets; sourceTree = "<group>"; };
		376DE2E224CEEBDA0040E850 /* Base */ = {isa = PBXFileReference; lastKnownFileType = file.storyboard; name = Base; path = Base.lproj/LaunchScreen.storyboard; sourceTree = "<group>"; };
		376DE2E424CEEBDA0040E850 /* Info.plist */ = {isa = PBXFileReference; lastKnownFileType = text.plist.xml; path = Info.plist; sourceTree = "<group>"; };
		37F9131624D1F625001A5D88 /* StoreKit.framework */ = {isa = PBXFileReference; lastKnownFileType = wrapper.framework; name = StoreKit.framework; path = System/Library/Frameworks/StoreKit.framework; sourceTree = SDKROOT; };
		37F9131824D1FE10001A5D88 /* GoogleMobileAds.framework */ = {isa = PBXFileReference; lastKnownFileType = wrapper.framework; path = GoogleMobileAds.framework; sourceTree = "<group>"; };
/* End PBXFileReference section */

/* Begin PBXFrameworksBuildPhase section */
		376DE2D024CEEBD90040E850 /* Frameworks */ = {
			isa = PBXFrameworksBuildPhase;
			buildActionMask = 2147483647;
			files = (
				37F9131924D1FE10001A5D88 /* GoogleMobileAds.framework in Frameworks */,
				37F9131724D1F625001A5D88 /* StoreKit.framework in Frameworks */,
				37323FA724D22D17000251C5 /* GoogleAppMeasurement.framework in Frameworks */,
			);
			runOnlyForDeploymentPostprocessing = 0;
		};
/* End PBXFrameworksBuildPhase section */

/* Begin PBXGroup section */
		376DE2CA24CEEBD90040E850 = {
			isa = PBXGroup;
			children = (
				376DE2D524CEEBD90040E850 /* Daily-Dose */,
				376DE2D424CEEBD90040E850 /* Products */,
				37F9131524D1F625001A5D88 /* Frameworks */,
			);
			sourceTree = "<group>";
		};
		376DE2D424CEEBD90040E850 /* Products */ = {
			isa = PBXGroup;
			children = (
				376DE2D324CEEBD90040E850 /* Daily-Dose.app */,
			);
			name = Products;
			sourceTree = "<group>";
		};
		376DE2D524CEEBD90040E850 /* Daily-Dose */ = {
			isa = PBXGroup;
			children = (
				376DE2D624CEEBD90040E850 /* AppDelegate.swift */,
				376DE2D824CEEBD90040E850 /* SceneDelegate.swift */,
				376DE2DA24CEEBD90040E850 /* ViewController.swift */,
				376DE2DC24CEEBD90040E850 /* Main.storyboard */,
				376DE2DF24CEEBDA0040E850 /* Assets.xcassets */,
				376DE2E124CEEBDA0040E850 /* LaunchScreen.storyboard */,
				376DE2E424CEEBDA0040E850 /* Info.plist */,
			);
			path = "Daily-Dose";
			sourceTree = "<group>";
		};
		37F9131524D1F625001A5D88 /* Frameworks */ = {
			isa = PBXGroup;
			children = (
				37323FA624D22D17000251C5 /* GoogleAppMeasurement.framework */,
				37F9131824D1FE10001A5D88 /* GoogleMobileAds.framework */,
				37F9131624D1F625001A5D88 /* StoreKit.framework */,
			);
			name = Frameworks;
			sourceTree = "<group>";
		};
/* End PBXGroup section */

/* Begin PBXNativeTarget section */
		376DE2D224CEEBD90040E850 /* Daily-Dose */ = {
			isa = PBXNativeTarget;
			buildConfigurationList = 376DE2E724CEEBDA0040E850 /* Build configuration list for PBXNativeTarget "Daily-Dose" */;
			buildPhases = (
				376DE2CF24CEEBD90040E850 /* Sources */,
				376DE2D024CEEBD90040E850 /* Frameworks */,
				376DE2D124CEEBD90040E850 /* Resources */,
			);
			buildRules = (
			);
			dependencies = (
			);
			name = "Daily-Dose";
			productName = "Daily-Dose";
			productReference = 376DE2D324CEEBD90040E850 /* Daily-Dose.app */;
			productType = "com.apple.product-type.application";
		};
/* End PBXNativeTarget section */

/* Begin PBXProject section */
		376DE2CB24CEEBD90040E850 /* Project object */ = {
			isa = PBXProject;
			attributes = {
				LastSwiftUpdateCheck = 1160;
				LastUpgradeCheck = 1160;
				ORGANIZATIONNAME = "Ezequiel Parada";
				TargetAttributes = {
					376DE2D224CEEBD90040E850 = {
						CreatedOnToolsVersion = 11.6;
					};
				};
			};
			buildConfigurationList = 376DE2CE24CEEBD90040E850 /* Build configuration list for PBXProject "Daily-Dose" */;
			compatibilityVersion = "Xcode 9.3";
			developmentRegion = en;
			hasScannedForEncodings = 0;
			knownRegions = (
				en,
				Base,
			);
			mainGroup = 376DE2CA24CEEBD90040E850;
			productRefGroup = 376DE2D424CEEBD90040E850 /* Products */;
			projectDirPath = "";
			projectRoot = "";
			targets = (
				376DE2D224CEEBD90040E850 /* Daily-Dose */,
			);
		};
/* End PBXProject section */

/* Begin PBXResourcesBuildPhase section */
		376DE2D124CEEBD90040E850 /* Resources */ = {
			isa = PBXResourcesBuildPhase;
			buildActionMask = 2147483647;
			files = (
				376DE2E324CEEBDA0040E850 /* LaunchScreen.storyboard in Resources */,
				376DE2E024CEEBDA0040E850 /* Assets.xcassets in Resources */,
				376DE2DE24CEEBD90040E850 /* Main.storyboard in Resources */,
			);
			runOnlyForDeploymentPostprocessing = 0;
		};
/* End PBXResourcesBuildPhase section */

/* Begin PBXSourcesBuildPhase section */
		376DE2CF24CEEBD90040E850 /* Sources */ = {
			isa = PBXSourcesBuildPhase;
			buildActionMask = 2147483647;
			files = (
				376DE2DB24CEEBD90040E850 /* ViewController.swift in Sources */,
				376DE2D724CEEBD90040E850 /* AppDelegate.swift in Sources */,
				376DE2D924CEEBD90040E850 /* SceneDelegate.swift in Sources */,
			);
			runOnlyForDeploymentPostprocessing = 0;
		};
/* End PBXSourcesBuildPhase section */

/* Begin PBXVariantGroup section */
		376DE2DC24CEEBD90040E850 /* Main.storyboard */ = {
			isa = PBXVariantGroup;
			children = (
				376DE2DD24CEEBD90040E850 /* Base */,
			);
			name = Main.storyboard;
			sourceTree = "<group>";
		};
		376DE2E124CEEBDA0040E850 /* LaunchScreen.storyboard */ = {
			isa = PBXVariantGroup;
			children = (
				376DE2E224CEEBDA0040E850 /* Base */,
			);
			name = LaunchScreen.storyboard;
			sourceTree = "<group>";
		};
/* End PBXVariantGroup section */

/* Begin XCBuildConfiguration section */
		376DE2E524CEEBDA0040E850 /* Debug */ = {
			isa = XCBuildConfiguration;
			buildSettings = {
				ALWAYS_SEARCH_USER_PATHS = NO;
				CLANG_ANALYZER_NONNULL = YES;
				CLANG_ANALYZER_NUMBER_OBJECT_CONVERSION = YES_AGGRESSIVE;
				CLANG_CXX_LANGUAGE_STANDARD = "gnu++14";
				CLANG_CXX_LIBRARY = "libc++";
				CLANG_ENABLE_MODULES = YES;
				CLANG_ENABLE_OBJC_ARC = YES;
				CLANG_ENABLE_OBJC_WEAK = YES;
				CLANG_WARN_BLOCK_CAPTURE_AUTORELEASING = YES;
				CLANG_WARN_BOOL_CONVERSION = YES;
				CLANG_WARN_COMMA = YES;
				CLANG_WARN_CONSTANT_CONVERSION = YES;
				CLANG_WARN_DEPRECATED_OBJC_IMPLEMENTATIONS = YES;
				CLANG_WARN_DIRECT_OBJC_ISA_USAGE = YES_ERROR;
				CLANG_WARN_DOCUMENTATION_COMMENTS = YES;
				CLANG_WARN_EMPTY_BODY = YES;
				CLANG_WARN_ENUM_CONVERSION = YES;
				CLANG_WARN_INFINITE_RECURSION = YES;
				CLANG_WARN_INT_CONVERSION = YES;
				CLANG_WARN_NON_LITERAL_NULL_CONVERSION = YES;
				CLANG_WARN_OBJC_IMPLICIT_RETAIN_SELF = YES;
				CLANG_WARN_OBJC_LITERAL_CONVERSION = YES;
				CLANG_WARN_OBJC_ROOT_CLASS = YES_ERROR;
				CLANG_WARN_RANGE_LOOP_ANALYSIS = YES;
				CLANG_WARN_STRICT_PROTOTYPES = YES;
				CLANG_WARN_SUSPICIOUS_MOVE = YES;
				CLANG_WARN_UNGUARDED_AVAILABILITY = YES_AGGRESSIVE;
				CLANG_WARN_UNREACHABLE_CODE = YES;
				CLANG_WARN__DUPLICATE_METHOD_MATCH = YES;
				COPY_PHASE_STRIP = NO;
				DEBUG_INFORMATION_FORMAT = dwarf;
				ENABLE_STRICT_OBJC_MSGSEND = YES;
				ENABLE_TESTABILITY = YES;
				GCC_C_LANGUAGE_STANDARD = gnu11;
				GCC_DYNAMIC_NO_PIC = NO;
				GCC_NO_COMMON_BLOCKS = YES;
				GCC_OPTIMIZATION_LEVEL = 0;
				GCC_PREPROCESSOR_DEFINITIONS = (
					"DEBUG=1",
					"$(inherited)",
				);
				GCC_WARN_64_TO_32_BIT_CONVERSION = YES;
				GCC_WARN_ABOUT_RETURN_TYPE = YES_ERROR;
				GCC_WARN_UNDECLARED_SELECTOR = YES;
				GCC_WARN_UNINITIALIZED_AUTOS = YES_AGGRESSIVE;
				GCC_WARN_UNUSED_FUNCTION = YES;
				GCC_WARN_UNUSED_VARIABLE = YES;
				IPHONEOS_DEPLOYMENT_TARGET = 13.6;
				MTL_ENABLE_DEBUG_INFO = INCLUDE_SOURCE;
				MTL_FAST_MATH = YES;
				ONLY_ACTIVE_ARCH = YES;
				SDKROOT = iphoneos;
				SWIFT_ACTIVE_COMPILATION_CONDITIONS = DEBUG;
				SWIFT_OPTIMIZATION_LEVEL = "-Onone";
			};
			name = Debug;
		};
		376DE2E624CEEBDA0040E850 /* Release */ = {
			isa = XCBuildConfiguration;
			buildSettings = {
				ALWAYS_SEARCH_USER_PATHS = NO;
				CLANG_ANALYZER_NONNULL = YES;
				CLANG_ANALYZER_NUMBER_OBJECT_CONVERSION = YES_AGGRESSIVE;
				CLANG_CXX_LANGUAGE_STANDARD = "gnu++14";
				CLANG_CXX_LIBRARY = "libc++";
				CLANG_ENABLE_MODULES = YES;
				CLANG_ENABLE_OBJC_ARC = YES;
				CLANG_ENABLE_OBJC_WEAK = YES;
				CLANG_WARN_BLOCK_CAPTURE_AUTORELEASING = YES;
				CLANG_WARN_BOOL_CONVERSION = YES;
				CLANG_WARN_COMMA = YES;
				CLANG_WARN_CONSTANT_CONVERSION = YES;
				CLANG_WARN_DEPRECATED_OBJC_IMPLEMENTATIONS = YES;
				CLANG_WARN_DIRECT_OBJC_ISA_USAGE = YES_ERROR;
				CLANG_WARN_DOCUMENTATION_COMMENTS = YES;
				CLANG_WARN_EMPTY_BODY = YES;
				CLANG_WARN_ENUM_CONVERSION = YES;
				CLANG_WARN_INFINITE_RECURSION = YES;
				CLANG_WARN_INT_CONVERSION = YES;
				CLANG_WARN_NON_LITERAL_NULL_CONVERSION = YES;
				CLANG_WARN_OBJC_IMPLICIT_RETAIN_SELF = YES;
				CLANG_WARN_OBJC_LITERAL_CONVERSION = YES;
				CLANG_WARN_OBJC_ROOT_CLASS = YES_ERROR;
				CLANG_WARN_RANGE_LOOP_ANALYSIS = YES;
				CLANG_WARN_STRICT_PROTOTYPES = YES;
				CLANG_WARN_SUSPICIOUS_MOVE = YES;
				CLANG_WARN_UNGUARDED_AVAILABILITY = YES_AGGRESSIVE;
				CLANG_WARN_UNREACHABLE_CODE = YES;
				CLANG_WARN__DUPLICATE_METHOD_MATCH = YES;
				COPY_PHASE_STRIP = NO;
				DEBUG_INFORMATION_FORMAT = "dwarf-with-dsym";
				ENABLE_NS_ASSERTIONS = NO;
				ENABLE_STRICT_OBJC_MSGSEND = YES;
				GCC_C_LANGUAGE_STANDARD = gnu11;
				GCC_NO_COMMON_BLOCKS = YES;
				GCC_WARN_64_TO_32_BIT_CONVERSION = YES;
				GCC_WARN_ABOUT_RETURN_TYPE = YES_ERROR;
				GCC_WARN_UNDECLARED_SELECTOR = YES;
				GCC_WARN_UNINITIALIZED_AUTOS = YES_AGGRESSIVE;
				GCC_WARN_UNUSED_FUNCTION = YES;
				GCC_WARN_UNUSED_VARIABLE = YES;
				IPHONEOS_DEPLOYMENT_TARGET = 13.6;
				MTL_ENABLE_DEBUG_INFO = NO;
				MTL_FAST_MATH = YES;
				SDKROOT = iphoneos;
				SWIFT_COMPILATION_MODE = wholemodule;
				SWIFT_OPTIMIZATION_LEVEL = "-O";
				VALIDATE_PRODUCT = YES;
			};
			name = Release;
		};
		376DE2E824CEEBDA0040E850 /* Debug */ = {
			isa = XCBuildConfiguration;
			buildSettings = {
				ASSETCATALOG_COMPILER_APPICON_NAME = AppIcon;
				CODE_SIGN_STYLE = Automatic;
				DEVELOPMENT_TEAM = 8PF4PD98CF;
				FRAMEWORK_SEARCH_PATHS = (
					"$(inherited)",
					"$(PROJECT_DIR)/Daily-Dose",
					"$(PROJECT_DIR)",
				);
				INFOPLIST_FILE = "Daily-Dose/Info.plist";
				LD_RUNPATH_SEARCH_PATHS = (
					"$(inherited)",
					"@executable_path/Frameworks",
				);
				PRODUCT_BUNDLE_IDENTIFIER = com.paradabeltran.daily.dose;
				PRODUCT_NAME = "$(TARGET_NAME)";
				SWIFT_VERSION = 5.0;
				TARGETED_DEVICE_FAMILY = "1,2";
			};
			name = Debug;
		};
		376DE2E924CEEBDA0040E850 /* Release */ = {
			isa = XCBuildConfiguration;
			buildSettings = {
				ASSETCATALOG_COMPILER_APPICON_NAME = AppIcon;
				CODE_SIGN_STYLE = Automatic;
				DEVELOPMENT_TEAM = 8PF4PD98CF;
				FRAMEWORK_SEARCH_PATHS = (
					"$(inherited)",
					"$(PROJECT_DIR)/Daily-Dose",
					"$(PROJECT_DIR)",
				);
				INFOPLIST_FILE = "Daily-Dose/Info.plist";
				LD_RUNPATH_SEARCH_PATHS = (
					"$(inherited)",
					"@executable_path/Frameworks",
				);
				PRODUCT_BUNDLE_IDENTIFIER = com.paradabeltran.daily.dose;
				PRODUCT_NAME = "$(TARGET_NAME)";
				SWIFT_VERSION = 5.0;
				TARGETED_DEVICE_FAMILY = "1,2";
			};
			name = Release;
		};
/* End XCBuildConfiguration section */

/* Begin XCConfigurationList section */
		376DE2CE24CEEBD90040E850 /* Build configuration list for PBXProject "Daily-Dose" */ = {
			isa = XCConfigurationList;
			buildConfigurations = (
				376DE2E524CEEBDA0040E850 /* Debug */,
				376DE2E624CEEBDA0040E850 /* Release */,
			);
			defaultConfigurationIsVisible = 0;
			defaultConfigurationName = Release;
		};
		376DE2E724CEEBDA0040E850 /* Build configuration list for PBXNativeTarget "Daily-Dose" */ = {
			isa = XCConfigurationList;
			buildConfigurations = (
				376DE2E824CEEBDA0040E850 /* Debug */,
				376DE2E924CEEBDA0040E850 /* Release */,
			);
			defaultConfigurationIsVisible = 0;
			defaultConfigurationName = Release;
		};
/* End XCConfigurationList section */
	};
	rootObject = 376DE2CB24CEEBD90040E850 /* Project object */;
}
